Microsoft Visual Studio Solution File, Format Version 9.00
# Visual Studio 2005
Project("{8BC9CEB8-8B4A-11D0-8D11-00A0C91BC942}") = "helloWorld", "helloWorld.vcproj", "{44B690B2-6BED-40A9-996E-9D352DB77A50}"
EndProject
Global
	GlobalSection(SolutionConfigurationPlatforms) = preSolution
		Debug|Win32 = Debug|Win32
		Release|Win32 = Release|Win32
		ReleaseDebug|Win32 = ReleaseDebug|Win32
	EndGlobalSection
	GlobalSection(ProjectConfigurationPlatforms) = postSolution
		{44B690B2-6BED-40A9-996E-9D352DB77A50}.Debug|Win32.ActiveCfg = Debug|Win32
		{44B690B2-6BED-40A9-996E-9D352DB77A50}.Debug|Win32.Build.0 = Debug|Win32
		{44B690B2-6BED-40A9-996E-9D352DB77A50}.Release|Win32.ActiveCfg = Release|Win32
		{44B690B2-6BED-40A9-996E-9D352DB77A50}.Release|Win32.Build.0 = Release|Win32
		{44B690B2-6BED-40A9-996E-9D352DB77A50}.ReleaseDebug|Win32.ActiveCfg = ReleaseDebug|Win32
		{44B690B2-6BED-40A9-996E-9D352DB77A50}.ReleaseDebug|Win32.Build.0 = ReleaseDebug|Win32
	EndGlobalSection
	GlobalSection(SolutionProperties) = preSolution
		HideSolutionNode = FALSE
	EndGlobalSection
EndGlobal
