<?xml version="1.0" encoding="utf-8"?>
<Project ToolsVersion="4.0" xmlns="http://schemas.microsoft.com/developer/msbuild/2003">
  <ItemGroup>
    <Filter Include="Kernel">
      <UniqueIdentifier>{a9b5b7e1-3ba5-4891-83bb-88354915eba0}</UniqueIdentifier>
    </Filter>
    <Filter Include="Shared Files">
      <UniqueIdentifier>{9040a5ca-9ffe-4d39-965a-f302661dd045}</UniqueIdentifier>
    </Filter>
    <Filter Include="Shared Files\Engine">
      <UniqueIdentifier>{2cf5946e-8ad4-4ac7-ab22-79277134547b}</UniqueIdentifier>
    </Filter>
    <Filter Include="Shared Files\Editor">
      <UniqueIdentifier>{1a8977c5-bc6f-456c-bc96-9815757d462e}</UniqueIdentifier>
    </Filter>
    <Filter Include="Shared Files\Server">
      <UniqueIdentifier>{1bb14150-7b75-4028-9b09-2f0a1b909ad1}</UniqueIdentifier>
    </Filter>
    <Filter Include="Export">
      <UniqueIdentifier>{318993c0-b7e8-48bf-b06f-22d71f4d85b9}</UniqueIdentifier>
    </Filter>
    <Filter Include="Export\SceneScan">
      <UniqueIdentifier>{0d434888-1b64-4bf5-b173-55b24ecfe6f0}</UniqueIdentifier>
    </Filter>
    <Filter Include="Export\LWO">
      <UniqueIdentifier>{2f389cd2-23b3-4b39-ae92-6bb855d53f47}</UniqueIdentifier>
    </Filter>
  </ItemGroup>
  <ItemGroup>
    <ClCompile Include="Export\stdafx.cpp">
      <Filter>Kernel</Filter>
    </ClCompile>
    <ClCompile Include="Server\servmain.c">
      <Filter>Shared Files\Server</Filter>
    </ClCompile>
    <ClCompile Include="Export\bone_lw.cpp">
      <Filter>Export</Filter>
    </ClCompile>
    <ClCompile Include="Export\envtest.c">
      <Filter>Export</Filter>
    </ClCompile>
    <ClCompile Include="Export\LW_export_keys.cpp">
      <Filter>Export</Filter>
    </ClCompile>
    <ClCompile Include="Export\LW_export_motion.cpp">
      <Filter>Export</Filter>
    </ClCompile>
    <ClCompile Include="Export\LW_export_object.cpp">
      <Filter>Export</Filter>
    </ClCompile>
    <ClCompile Include="Export\motion_lw.cpp">
      <Filter>Export</Filter>
    </ClCompile>
    <ClCompile Include="Export\scenscan\objectdb.cpp">
      <Filter>Export\SceneScan</Filter>
    </ClCompile>
    <ClCompile Include="Export\scenscan\ptsearch.cpp">
      <Filter>Export\SceneScan</Filter>
    </ClCompile>
    <ClCompile Include="Export\scenscan\surface.cpp">
      <Filter>Export\SceneScan</Filter>
    </ClCompile>
    <ClCompile Include="Export\scenscan\vecmat.cpp">
      <Filter>Export\SceneScan</Filter>
    </ClCompile>
    <ClCompile Include="Export\scenscan\vmap.cpp">
      <Filter>Export\SceneScan</Filter>
    </ClCompile>
    <ClCompile Include="$(SolutionDir)engine\editors\ECore\Editor\EditMesh.cpp" />
    <ClCompile Include="$(SolutionDir)engine\editors\ECore\Editor\EditMeshIO.cpp" />
    <ClCompile Include="$(SolutionDir)engine\editors\ECore\Editor\EditMeshModify.cpp" />
    <ClCompile Include="$(SolutionDir)engine\editors\ECore\Editor\EditObject.cpp" />
    <ClCompile Include="$(SolutionDir)engine\editors\ECore\Editor\EditObjectImport.cpp" />
    <ClCompile Include="$(SolutionDir)engine\editors\ECore\Editor\EditObjectIO.cpp" />
    <ClCompile Include="$(SolutionDir)engine\editors\ECore\Editor\EditObjectMotions.cpp" />
    <ClCompile Include="$(SolutionDir)engine\editors\ECore\Editor\ELog.cpp" />
    <ClCompile Include="$(SolutionDir)engine\utils\LWO\clip.c" />
    <ClCompile Include="$(SolutionDir)engine\utils\LWO\envelope.c" />
    <ClCompile Include="$(SolutionDir)engine\utils\LWO\list.c" />
    <ClCompile Include="$(SolutionDir)engine\utils\LWO\lwio.c" />
    <ClCompile Include="$(SolutionDir)engine\utils\LWO\LWO.cpp" />
    <ClCompile Include="$(SolutionDir)engine\utils\LWO\lwo2.c" />
    <ClCompile Include="$(SolutionDir)engine\utils\LWO\lwob.c" />
    <ClCompile Include="$(SolutionDir)engine\utils\LWO\main.c" />
    <ClCompile Include="$(SolutionDir)engine\utils\LWO\pntspols.c" />
    <ClCompile Include="$(SolutionDir)engine\utils\LWO\surface.c" />
    <ClCompile Include="$(SolutionDir)engine\utils\LWO\vecmath.c" />
    <ClCompile Include="$(SolutionDir)engine\utils\LWO\vmap.c" />
    <ClCompile Include="$(SolutionDir)engine\plugins\shared\bone.cpp" />
    <ClCompile Include="$(SolutionDir)engine\plugins\shared\Envelope.cpp" />
    <ClCompile Include="$(SolutionDir)engine\plugins\shared\interp.cpp" />
    <ClCompile Include="$(SolutionDir)engine\plugins\shared\motion.cpp" />
  </ItemGroup>
  <ItemGroup>
    <ClInclude Include="Export\stdafx.h">
      <Filter>Kernel</Filter>
    </ClInclude>
    <ClInclude Include="Export\lwo2.h">
      <Filter>Export</Filter>
    </ClInclude>
    <ClInclude Include="Export\resource.h">
      <Filter>Export</Filter>
    </ClInclude>
    <ClInclude Include="Export\scenscan\objectdb.h">
      <Filter>Export\SceneScan</Filter>
    </ClInclude>
    <ClInclude Include="Export\scenscan\scenscan.h">
      <Filter>Export\SceneScan</Filter>
    </ClInclude>
    <ClInclude Include="Export\scenscan\vecmat.h">
      <Filter>Export\SceneScan</Filter>
    </ClInclude>
    <ClInclude Include="$(SolutionDir)engine\editors\ECore\Editor\EditMesh.h" />
    <ClInclude Include="$(SolutionDir)engine\editors\ECore\Editor\EditObject.h" />
    <ClInclude Include="$(SolutionDir)engine\editors\ECore\Editor\ELog.h" />
    <ClInclude Include="$(SolutionDir)engine\utils\LWO\envelope.h" />
    <ClInclude Include="$(SolutionDir)engine\utils\LWO\lwo2.h" />
    <ClInclude Include="$(SolutionDir)engine\utils\LWO\StdAfx.h" />
    <ClInclude Include="$(SolutionDir)engine\plugins\shared\bone.h" />
    <ClInclude Include="$(SolutionDir)engine\plugins\shared\envelope.h" />
    <ClInclude Include="$(SolutionDir)engine\plugins\shared\motion.h" />
  </ItemGroup>
</Project>