<?xml version="1.0" encoding="utf-8"?>
<Project ToolsVersion="4.0" xmlns="http://schemas.microsoft.com/developer/msbuild/2003">
  <ItemGroup>
    <Filter Include="Kernel">
      <UniqueIdentifier>{551f8091-9918-44f6-87db-12a2ec55095d}</UniqueIdentifier>
    </Filter>
    <Filter Include="Shared Files">
      <UniqueIdentifier>{469b5b15-4591-4a3f-a48a-5264ca1497bc}</UniqueIdentifier>
    </Filter>
    <Filter Include="Shared Files\Engine">
      <UniqueIdentifier>{06890e0c-4699-4e55-a1c3-be1bf7034daf}</UniqueIdentifier>
    </Filter>
    <Filter Include="Shared Files\Editor">
      <UniqueIdentifier>{33af426d-e0e5-4af4-9726-7b56e3629328}</UniqueIdentifier>
    </Filter>
    <Filter Include="Shared Files\Plugins">
      <UniqueIdentifier>{2e285fbd-270f-4c23-af30-0dfa69bd3161}</UniqueIdentifier>
    </Filter>
    <Filter Include="Shared Files\Server">
      <UniqueIdentifier>{e59f0d15-7200-44cd-af30-2f0d5502ab5f}</UniqueIdentifier>
    </Filter>
    <Filter Include="Shader">
      <UniqueIdentifier>{bbab6068-8563-412d-a99c-238749fcecf0}</UniqueIdentifier>
    </Filter>
  </ItemGroup>
  <ItemGroup>
    <ClCompile Include="shader\stdafx.cpp">
      <Filter>Kernel</Filter>
    </ClCompile>
    <ClCompile Include="Shader\LW_Shader.cpp">
      <Filter>Shared Files\Editor</Filter>
    </ClCompile>
    <ClCompile Include="Server\servmain.c">
      <Filter>Shared Files\Server</Filter>
    </ClCompile>
    <ClCompile Include="shader\blotch.c">
      <Filter>Shader</Filter>
    </ClCompile>
    <ClCompile Include="$(SolutionDir)engine\plugins\shared\BlenderListLoader.cpp" />
    <ClCompile Include="$(SolutionDir)engine\plugins\shared\ELog.cpp" />
    <ClCompile Include="$(SolutionDir)engine\plugins\shared\GameMtlLib.cpp" />
  </ItemGroup>
  <ItemGroup>
    <ClInclude Include="shader\stdafx.h">
      <Filter>Kernel</Filter>
    </ClInclude>
    <ClInclude Include="Shader\LW_Shader.h">
      <Filter>Shared Files\Editor</Filter>
    </ClInclude>
    <ClInclude Include="shader\resource.h">
      <Filter>Shader</Filter>
    </ClInclude>
    <ClInclude Include="$(SolutionDir)engine\plugins\shared\BlenderListLoader.h" />
    <ClInclude Include="$(SolutionDir)engine\plugins\shared\ELog.h" />
    <ClInclude Include="$(SolutionDir)engine\plugins\shared\GameMtlLib.h" />
    <ClInclude Include="$(SolutionDir)engine\plugins\shared\Shader_xrLC.h" />
  </ItemGroup>
</Project>